// !$*UTF8*$!
{
	archiveVersion = 1;
	classes = {
	};
	objectVersion = 46;
	objects = {

/* Begin PBXBuildFile section */
		C2C760F41946FF4C00CE7A7A /* Foundation.framework in Frameworks */ = {isa = PBXBuildFile; fileRef = C2C760F31946FF4C00CE7A7A /* Foundation.framework */; };
		C2C760F61946FF4C00CE7A7A /* CoreGraphics.framework in Frameworks */ = {isa = PBXBuildFile; fileRef = C2C760F51946FF4C00CE7A7A /* CoreGraphics.framework */; };
		C2C760F81946FF4C00CE7A7A /* UIKit.framework in Frameworks */ = {isa = PBXBuildFile; fileRef = C2C760F71946FF4C00CE7A7A /* UIKit.framework */; };
		C2C760FE1946FF4C00CE7A7A /* InfoPlist.strings in Resources */ = {isa = PBXBuildFile; fileRef = C2C760FC1946FF4C00CE7A7A /* InfoPlist.strings */; };
		C2C761001946FF4C00CE7A7A /* main.m in Sources */ = {isa = PBXBuildFile; fileRef = C2C760FF1946FF4C00CE7A7A /* main.m */; };
		C2C761041946FF4C00CE7A7A /* VAAppDelegate.m in Sources */ = {isa = PBXBuildFile; fileRef = C2C761031946FF4C00CE7A7A /* VAAppDelegate.m */; };
		C2C761061946FF4C00CE7A7A /* Images.xcassets in Resources */ = {isa = PBXBuildFile; fileRef = C2C761051946FF4C00CE7A7A /* Images.xcassets */; };
		C2C7610D1946FF4C00CE7A7A /* XCTest.framework in Frameworks */ = {isa = PBXBuildFile; fileRef = C2C7610C1946FF4C00CE7A7A /* XCTest.framework */; };
		C2C7610E1946FF4C00CE7A7A /* Foundation.framework in Frameworks */ = {isa = PBXBuildFile; fileRef = C2C760F31946FF4C00CE7A7A /* Foundation.framework */; };
		C2C7610F1946FF4C00CE7A7A /* UIKit.framework in Frameworks */ = {isa = PBXBuildFile; fileRef = C2C760F71946FF4C00CE7A7A /* UIKit.framework */; };
		C2C761171946FF4C00CE7A7A /* InfoPlist.strings in Resources */ = {isa = PBXBuildFile; fileRef = C2C761151946FF4C00CE7A7A /* InfoPlist.strings */; };
		C2C761191946FF4C00CE7A7A /* ghghTests.m in Sources */ = {isa = PBXBuildFile; fileRef = C2C761181946FF4C00CE7A7A /* ghghTests.m */; };
/* End PBXBuildFile section */

/* Begin PBXContainerItemProxy section */
		C2C761101946FF4C00CE7A7A /* PBXContainerItemProxy */ = {
			isa = PBXContainerItemProxy;
			containerPortal = C2C760E81946FF4C00CE7A7A /* Project object */;
			proxyType = 1;
			remoteGlobalIDString = C2C760EF1946FF4C00CE7A7A;
			remoteInfo = ghgh;
		};
/* End PBXContainerItemProxy section */

/* Begin PBXFileReference section */
		C2C760F01946FF4C00CE7A7A /* ghgh.app */ = {isa = PBXFileReference; explicitFileType = wrapper.application; includeInIndex = 0; path = ghgh.app; sourceTree = BUILT_PRODUCTS_DIR; };
		C2C760F31946FF4C00CE7A7A /* Foundation.framework */ = {isa = PBXFileReference; lastKnownFileType = wrapper.framework; name = Foundation.framework; path = System/Library/Frameworks/Foundation.framework; sourceTree = SDKROOT; };
		C2C760F51946FF4C00CE7A7A /* CoreGraphics.framework */ = {isa = PBXFileReference; lastKnownFileType = wrapper.framework; name = CoreGraphics.framework; path = System/Library/Frameworks/CoreGraphics.framework; sourceTree = SDKROOT; };
		C2C760F71946FF4C00CE7A7A /* UIKit.framework */ = {isa = PBXFileReference; lastKnownFileType = wrapper.framework; name = UIKit.framework; path = System/Library/Frameworks/UIKit.framework; sourceTree = SDKROOT; };
		C2C760FB1946FF4C00CE7A7A /* ghgh-Info.plist */ = {isa = PBXFileReference; lastKnownFileType = text.plist.xml; path = "ghgh-Info.plist"; sourceTree = "<group>"; };
		C2C760FD1946FF4C00CE7A7A /* en */ = {isa = PBXFileReference; lastKnownFileType = text.plist.strings; name = en; path = en.lproj/InfoPlist.strings; sourceTree = "<group>"; };
		C2C760FF1946FF4C00CE7A7A /* main.m */ = {isa = PBXFileReference; lastKnownFileType = sourcecode.c.objc; path = main.m; sourceTree = "<group>"; };
		C2C761011946FF4C00CE7A7A /* ghgh-Prefix.pch */ = {isa = PBXFileReference; lastKnownFileType = sourcecode.c.h; path = "ghgh-Prefix.pch"; sourceTree = "<group>"; };
		C2C761021946FF4C00CE7A7A /* VAAppDelegate.h */ = {isa = PBXFileReference; lastKnownFileType = sourcecode.c.h; path = VAAppDelegate.h; sourceTree = "<group>"; };
		C2C761031946FF4C00CE7A7A /* VAAppDelegate.m */ = {isa = PBXFileReference; lastKnownFileType = sourcecode.c.objc; path = VAAppDelegate.m; sourceTree = "<group>"; };
		C2C761051946FF4C00CE7A7A /* Images.xcassets */ = {isa = PBXFileReference; lastKnownFileType = folder.assetcatalog; path = Images.xcassets; sourceTree = "<group>"; };
		C2C7610B1946FF4C00CE7A7A /* ghghTests.xctest */ = {isa = PBXFileReference; explicitFileType = wrapper.cfbundle; includeInIndex = 0; path = ghghTests.xctest; sourceTree = BUILT_PRODUCTS_DIR; };
		C2C7610C1946FF4C00CE7A7A /* XCTest.framework */ = {isa = PBXFileReference; lastKnownFileType = wrapper.framework; name = XCTest.framework; path = Library/Frameworks/XCTest.framework; sourceTree = DEVELOPER_DIR; };
		C2C761141946FF4C00CE7A7A /* ghghTests-Info.plist */ = {isa = PBXFileReference; lastKnownFileType = text.plist.xml; path = "ghghTests-Info.plist"; sourceTree = "<group>"; };
		C2C761161946FF4C00CE7A7A /* en */ = {isa = PBXFileReference; lastKnownFileType = text.plist.strings; name = en; path = en.lproj/InfoPlist.strings; sourceTree = "<group>"; };
		C2C761181946FF4C00CE7A7A /* ghghTests.m */ = {isa = PBXFileReference; lastKnownFileType = sourcecode.c.objc; path = ghghTests.m; sourceTree = "<group>"; };
/* End PBXFileReference section */

/* Begin PBXFrameworksBuildPhase section */
		C2C760ED1946FF4C00CE7A7A /* Frameworks */ = {
			isa = PBXFrameworksBuildPhase;
			buildActionMask = 2147483647;
			files = (
				C2C760F61946FF4C00CE7A7A /* CoreGraphics.framework in Frameworks */,
				C2C760F81946FF4C00CE7A7A /* UIKit.framework in Frameworks */,
				C2C760F41946FF4C00CE7A7A /* Foundation.framework in Frameworks */,
			);
			runOnlyForDeploymentPostprocessing = 0;
		};
		C2C761081946FF4C00CE7A7A /* Frameworks */ = {
			isa = PBXFrameworksBuildPhase;
			buildActionMask = 2147483647;
			files = (
				C2C7610D1946FF4C00CE7A7A /* XCTest.framework in Frameworks */,
				C2C7610F1946FF4C00CE7A7A /* UIKit.framework in Frameworks */,
				C2C7610E1946FF4C00CE7A7A /* Foundation.framework in Frameworks */,
			);
			runOnlyForDeploymentPostprocessing = 0;
		};
/* End PBXFrameworksBuildPhase section */

/* Begin PBXGroup section */
		C2C760E71946FF4C00CE7A7A = {
			isa = PBXGroup;
			children = (
				C2C760F91946FF4C00CE7A7A /* ghgh */,
				C2C761121946FF4C00CE7A7A /* ghghTests */,
				C2C760F21946FF4C00CE7A7A /* Frameworks */,
				C2C760F11946FF4C00CE7A7A /* Products */,
			);
			sourceTree = "<group>";
		};
		C2C760F11946FF4C00CE7A7A /* Products */ = {
			isa = PBXGroup;
			children = (
				C2C760F01946FF4C00CE7A7A /* ghgh.app */,
				C2C7610B1946FF4C00CE7A7A /* ghghTests.xctest */,
			);
			name = Products;
			sourceTree = "<group>";
		};
		C2C760F21946FF4C00CE7A7A /* Frameworks */ = {
			isa = PBXGroup;
			children = (
				C2C760F31946FF4C00CE7A7A /* Foundation.framework */,
				C2C760F51946FF4C00CE7A7A /* CoreGraphics.framework */,
				C2C760F71946FF4C00CE7A7A /* UIKit.framework */,
				C2C7610C1946FF4C00CE7A7A /* XCTest.framework */,
			);
			name = Frameworks;
			sourceTree = "<group>";
		};
		C2C760F91946FF4C00CE7A7A /* ghgh */ = {
			isa = PBXGroup;
			children = (
				C2C761021946FF4C00CE7A7A /* VAAppDelegate.h */,
				C2C761031946FF4C00CE7A7A /* VAAppDelegate.m */,
				C2C761051946FF4C00CE7A7A /* Images.xcassets */,
				C2C760FA1946FF4C00CE7A7A /* Supporting Files */,
			);
			path = ghgh;
			sourceTree = "<group>";
		};
		C2C760FA1946FF4C00CE7A7A /* Supporting Files */ = {
			isa = PBXGroup;
			children = (
				C2C760FB1946FF4C00CE7A7A /* ghgh-Info.plist */,
				C2C760FC1946FF4C00CE7A7A /* InfoPlist.strings */,
				C2C760FF1946FF4C00CE7A7A /* main.m */,
				C2C761011946FF4C00CE7A7A /* ghgh-Prefix.pch */,
			);
			name = "Supporting Files";
			sourceTree = "<group>";
		};
		C2C761121946FF4C00CE7A7A /* ghghTests */ = {
			isa = PBXGroup;
			children = (
				C2C761181946FF4C00CE7A7A /* ghghTests.m */,
				C2C761131946FF4C00CE7A7A /* Supporting Files */,
			);
			path = ghghTests;
			sourceTree = "<group>";
		};
		C2C761131946FF4C00CE7A7A /* Supporting Files */ = {
			isa = PBXGroup;
			children = (
				C2C761141946FF4C00CE7A7A /* ghghTests-Info.plist */,
				C2C761151946FF4C00CE7A7A /* InfoPlist.strings */,
			);
			name = "Supporting Files";
			sourceTree = "<group>";
		};
/* End PBXGroup section */

/* Begin PBXNativeTarget section */
		C2C760EF1946FF4C00CE7A7A /* ghgh */ = {
			isa = PBXNativeTarget;
			buildConfigurationList = C2C7611C1946FF4C00CE7A7A /* Build configuration list for PBXNativeTarget "ghgh" */;
			buildPhases = (
				C2C760EC1946FF4C00CE7A7A /* Sources */,
				C2C760ED1946FF4C00CE7A7A /* Frameworks */,
				C2C760EE1946FF4C00CE7A7A /* Resources */,
			);
			buildRules = (
			);
			dependencies = (
			);
			name = ghgh;
			productName = ghgh;
			productReference = C2C760F01946FF4C00CE7A7A /* ghgh.app */;
			productType = "com.apple.product-type.application";
		};
		C2C7610A1946FF4C00CE7A7A /* ghghTests */ = {
			isa = PBXNativeTarget;
			buildConfigurationList = C2C7611F1946FF4C00CE7A7A /* Build configuration list for PBXNativeTarget "ghghTests" */;
			buildPhases = (
				C2C761071946FF4C00CE7A7A /* Sources */,
				C2C761081946FF4C00CE7A7A /* Frameworks */,
				C2C761091946FF4C00CE7A7A /* Resources */,
			);
			buildRules = (
			);
			dependencies = (
				C2C761111946FF4C00CE7A7A /* PBXTargetDependency */,
			);
			name = ghghTests;
			productName = ghghTests;
			productReference = C2C7610B1946FF4C00CE7A7A /* ghghTests.xctest */;
			productType = "com.apple.product-type.bundle.unit-test";
		};
/* End PBXNativeTarget section */

/* Begin PBXProject section */
		C2C760E81946FF4C00CE7A7A /* Project object */ = {
			isa = PBXProject;
			attributes = {
				CLASSPREFIX = VA;
				LastUpgradeCheck = 0500;
				ORGANIZATIONNAME = "lanou3g    蓝欧科技";
				TargetAttributes = {
					C2C7610A1946FF4C00CE7A7A = {
						TestTargetID = C2C760EF1946FF4C00CE7A7A;
					};
				};
			};
			buildConfigurationList = C2C760EB1946FF4C00CE7A7A /* Build configuration list for PBXProject "ghgh" */;
			compatibilityVersion = "Xcode 3.2";
			developmentRegion = English;
			hasScannedForEncodings = 0;
			knownRegions = (
				en,
			);
			mainGroup = C2C760E71946FF4C00CE7A7A;
			productRefGroup = C2C760F11946FF4C00CE7A7A /* Products */;
			projectDirPath = "";
			projectRoot = "";
			targets = (
				C2C760EF1946FF4C00CE7A7A /* ghgh */,
				C2C7610A1946FF4C00CE7A7A /* ghghTests */,
			);
		};
/* End PBXProject section */

/* Begin PBXResourcesBuildPhase section */
		C2C760EE1946FF4C00CE7A7A /* Resources */ = {
			isa = PBXResourcesBuildPhase;
			buildActionMask = 2147483647;
			files = (
				C2C760FE1946FF4C00CE7A7A /* InfoPlist.strings in Resources */,
				C2C761061946FF4C00CE7A7A /* Images.xcassets in Resources */,
			);
			runOnlyForDeploymentPostprocessing = 0;
		};
		C2C761091946FF4C00CE7A7A /* Resources */ = {
			isa = PBXResourcesBuildPhase;
			buildActionMask = 2147483647;
			files = (
				C2C761171946FF4C00CE7A7A /* InfoPlist.strings in Resources */,
			);
			runOnlyForDeploymentPostprocessing = 0;
		};
/* End PBXResourcesBuildPhase section */

/* Begin PBXSourcesBuildPhase section */
		C2C760EC1946FF4C00CE7A7A /* Sources */ = {
			isa = PBXSourcesBuildPhase;
			buildActionMask = 2147483647;
			files = (
				C2C761001946FF4C00CE7A7A /* main.m in Sources */,
				C2C761041946FF4C00CE7A7A /* VAAppDelegate.m in Sources */,
			);
			runOnlyForDeploymentPostprocessing = 0;
		};
		C2C761071946FF4C00CE7A7A /* Sources */ = {
			isa = PBXSourcesBuildPhase;
			buildActionMask = 2147483647;
			files = (
				C2C761191946FF4C00CE7A7A /* ghghTests.m in Sources */,
			);
			runOnlyForDeploymentPostprocessing = 0;
		};
/* End PBXSourcesBuildPhase section */

/* Begin PBXTargetDependency section */
		C2C761111946FF4C00CE7A7A /* PBXTargetDependency */ = {
			isa = PBXTargetDependency;
			target = C2C760EF1946FF4C00CE7A7A /* ghgh */;
			targetProxy = C2C761101946FF4C00CE7A7A /* PBXContainerItemProxy */;
		};
/* End PBXTargetDependency section */

/* Begin PBXVariantGroup section */
		C2C760FC1946FF4C00CE7A7A /* InfoPlist.strings */ = {
			isa = PBXVariantGroup;
			children = (
				C2C760FD1946FF4C00CE7A7A /* en */,
			);
			name = InfoPlist.strings;
			sourceTree = "<group>";
		};
		C2C761151946FF4C00CE7A7A /* InfoPlist.strings */ = {
			isa = PBXVariantGroup;
			children = (
				C2C761161946FF4C00CE7A7A /* en */,
			);
			name = InfoPlist.strings;
			sourceTree = "<group>";
		};
/* End PBXVariantGroup section */

/* Begin XCBuildConfiguration section */
		C2C7611A1946FF4C00CE7A7A /* Debug */ = {
			isa = XCBuildConfiguration;
			buildSettings = {
				ALWAYS_SEARCH_USER_PATHS = NO;
				ARCHS = "$(ARCHS_STANDARD_INCLUDING_64_BIT)";
				CLANG_CXX_LANGUAGE_STANDARD = "gnu++0x";
				CLANG_CXX_LIBRARY = "libc++";
				CLANG_ENABLE_MODULES = YES;
				CLANG_ENABLE_OBJC_ARC = YES;
				CLANG_WARN_BOOL_CONVERSION = YES;
				CLANG_WARN_CONSTANT_CONVERSION = YES;
				CLANG_WARN_DIRECT_OBJC_ISA_USAGE = YES_ERROR;
				CLANG_WARN_EMPTY_BODY = YES;
				CLANG_WARN_ENUM_CONVERSION = YES;
				CLANG_WARN_INT_CONVERSION = YES;
				CLANG_WARN_OBJC_ROOT_CLASS = YES_ERROR;
				CLANG_WARN__DUPLICATE_METHOD_MATCH = YES;
				"CODE_SIGN_IDENTITY[sdk=iphoneos*]" = "iPhone Developer";
				COPY_PHASE_STRIP = NO;
				GCC_C_LANGUAGE_STANDARD = gnu99;
				GCC_DYNAMIC_NO_PIC = NO;
				GCC_OPTIMIZATION_LEVEL = 0;
				GCC_PREPROCESSOR_DEFINITIONS = (
					"DEBUG=1",
					"$(inherited)",
				);
				GCC_SYMBOLS_PRIVATE_EXTERN = NO;
				GCC_WARN_64_TO_32_BIT_CONVERSION = YES;
				GCC_WARN_ABOUT_RETURN_TYPE = YES_ERROR;
				GCC_WARN_UNDECLARED_SELECTOR = YES;
				GCC_WARN_UNINITIALIZED_AUTOS = YES;
				GCC_WARN_UNUSED_FUNCTION = YES;
				GCC_WARN_UNUSED_VARIABLE = YES;
				IPHONEOS_DEPLOYMENT_TARGET = 7.0;
				ONLY_ACTIVE_ARCH = YES;
				SDKROOT = iphoneos;
			};
			name = Debug;
		};
		C2C7611B1946FF4C00CE7A7A /* Release */ = {
			isa = XCBuildConfiguration;
			buildSettings = {
				ALWAYS_SEARCH_USER_PATHS = NO;
				ARCHS = "$(ARCHS_STANDARD_INCLUDING_64_BIT)";
				CLANG_CXX_LANGUAGE_STANDARD = "gnu++0x";
				CLANG_CXX_LIBRARY = "libc++";
				CLANG_ENABLE_MODULES = YES;
				CLANG_ENABLE_OBJC_ARC = YES;
				CLANG_WARN_BOOL_CONVERSION = YES;
				CLANG_WARN_CONSTANT_CONVERSION = YES;
				CLANG_WARN_DIRECT_OBJC_ISA_USAGE = YES_ERROR;
				CLANG_WARN_EMPTY_BODY = YES;
				CLANG_WARN_ENUM_CONVERSION = YES;
				CLANG_WARN_INT_CONVERSION = YES;
				CLANG_WARN_OBJC_ROOT_CLASS = YES_ERROR;
				CLANG_WARN__DUPLICATE_METHOD_MATCH = YES;
				"CODE_SIGN_IDENTITY[sdk=iphoneos*]" = "iPhone Developer";
				COPY_PHASE_STRIP = YES;
				ENABLE_NS_ASSERTIONS = NO;
				GCC_C_LANGUAGE_STANDARD = gnu99;
				GCC_WARN_64_TO_32_BIT_CONVERSION = YES;
				GCC_WARN_ABOUT_RETURN_TYPE = YES_ERROR;
				GCC_WARN_UNDECLARED_SELECTOR = YES;
				GCC_WARN_UNINITIALIZED_AUTOS = YES;
				GCC_WARN_UNUSED_FUNCTION = YES;
				GCC_WARN_UNUSED_VARIABLE = YES;
				IPHONEOS_DEPLOYMENT_TARGET = 7.0;
				SDKROOT = iphoneos;
				VALIDATE_PRODUCT = YES;
			};
			name = Release;
		};
		C2C7611D1946FF4C00CE7A7A /* Debug */ = {
			isa = XCBuildConfiguration;
			buildSettings = {
				ASSETCATALOG_COMPILER_APPICON_NAME = AppIcon;
				ASSETCATALOG_COMPILER_LAUNCHIMAGE_NAME = LaunchImage;
				GCC_PRECOMPILE_PREFIX_HEADER = YES;
				GCC_PREFIX_HEADER = "ghgh/ghgh-Prefix.pch";
				INFOPLIST_FILE = "ghgh/ghgh-Info.plist";
				PRODUCT_NAME = "$(TARGET_NAME)";
				WRAPPER_EXTENSION = app;
			};
			name = Debug;
		};
		C2C7611E1946FF4C00CE7A7A /* Release */ = {
			isa = XCBuildConfiguration;
			buildSettings = {
				ASSETCATALOG_COMPILER_APPICON_NAME = AppIcon;
				ASSETCATALOG_COMPILER_LAUNCHIMAGE_NAME = LaunchImage;
				GCC_PRECOMPILE_PREFIX_HEADER = YES;
				GCC_PREFIX_HEADER = "ghgh/ghgh-Prefix.pch";
				INFOPLIST_FILE = "ghgh/ghgh-Info.plist";
				PRODUCT_NAME = "$(TARGET_NAME)";
				WRAPPER_EXTENSION = app;
			};
			name = Release;
		};
		C2C761201946FF4C00CE7A7A /* Debug */ = {
			isa = XCBuildConfiguration;
			buildSettings = {
				ARCHS = "$(ARCHS_STANDARD_INCLUDING_64_BIT)";
				BUNDLE_LOADER = "$(BUILT_PRODUCTS_DIR)/ghgh.app/ghgh";
				FRAMEWORK_SEARCH_PATHS = (
					"$(SDKROOT)/Developer/Library/Frameworks",
					"$(inherited)",
					"$(DEVELOPER_FRAMEWORKS_DIR)",
				);
				GCC_PRECOMPILE_PREFIX_HEADER = YES;
				GCC_PREFIX_HEADER = "ghgh/ghgh-Prefix.pch";
				GCC_PREPROCESSOR_DEFINITIONS = (
					"DEBUG=1",
					"$(inherited)",
				);
				INFOPLIST_FILE = "ghghTests/ghghTests-Info.plist";
				PRODUCT_NAME = "$(TARGET_NAME)";
				TEST_HOST = "$(BUNDLE_LOADER)";
				WRAPPER_EXTENSION = xctest;
			};
			name = Debug;
		};
		C2C761211946FF4C00CE7A7A /* Release */ = {
			isa = XCBuildConfiguration;
			buildSettings = {
				ARCHS = "$(ARCHS_STANDARD_INCLUDING_64_BIT)";
				BUNDLE_LOADER = "$(BUILT_PRODUCTS_DIR)/ghgh.app/ghgh";
				FRAMEWORK_SEARCH_PATHS = (
					"$(SDKROOT)/Developer/Library/Frameworks",
					"$(inherited)",
					"$(DEVELOPER_FRAMEWORKS_DIR)",
				);
				GCC_PRECOMPILE_PREFIX_HEADER = YES;
				GCC_PREFIX_HEADER = "ghgh/ghgh-Prefix.pch";
				INFOPLIST_FILE = "ghghTests/ghghTests-Info.plist";
				PRODUCT_NAME = "$(TARGET_NAME)";
				TEST_HOST = "$(BUNDLE_LOADER)";
				WRAPPER_EXTENSION = xctest;
			};
			name = Release;
		};
/* End XCBuildConfiguration section */

/* Begin XCConfigurationList section */
		C2C760EB1946FF4C00CE7A7A /* Build configuration list for PBXProject "ghgh" */ = {
			isa = XCConfigurationList;
			buildConfigurations = (
				C2C7611A1946FF4C00CE7A7A /* Debug */,
				C2C7611B1946FF4C00CE7A7A /* Release */,
			);
			defaultConfigurationIsVisible = 0;
			defaultConfigurationName = Release;
		};
		C2C7611C1946FF4C00CE7A7A /* Build configuration list for PBXNativeTarget "ghgh" */ = {
			isa = XCConfigurationList;
			buildConfigurations = (
				C2C7611D1946FF4C00CE7A7A /* Debug */,
				C2C7611E1946FF4C00CE7A7A /* Release */,
			);
			defaultConfigurationIsVisible = 0;
		};
		C2C7611F1946FF4C00CE7A7A /* Build configuration list for PBXNativeTarget "ghghTests" */ = {
			isa = XCConfigurationList;
			buildConfigurations = (
				C2C761201946FF4C00CE7A7A /* Debug */,
				C2C761211946FF4C00CE7A7A /* Release */,
			);
			defaultConfigurationIsVisible = 0;
		};
/* End XCConfigurationList section */
	};
	rootObject = C2C760E81946FF4C00CE7A7A /* Project object */;
}
